# THIS IS AN AUTOGENERATED FILE. DO NOT EDIT THIS FILE DIRECTLY.
# yarn lockfile v1


"@ampproject/remapping@^2.1.0":
  "integrity" "sha512-qRmjj8nj9qmLTQXXmaR1cck3UXSRMPrbsLJAasZpF+t3riI71BXed5ebIOYwQntykeZuhjsdweEc9BxH5Jc26w=="
  "resolved" "https://registry.npmjs.org/@ampproject/remapping/-/remapping-2.2.0.tgz"
  "version" "2.2.0"
  dependencies:
    "@jridgewell/gen-mapping" "^0.1.0"
    "@jridgewell/trace-mapping" "^0.3.9"

"@babel/code-frame@^7.16.7":
  "integrity" "sha512-iAXqUn8IIeBTNd72xsFlgaXHkMBMt6y4HJp1tIaK465CWLT/fG1aqB7ykr95gHHmlBdGbFeWWfyB4NJJ0nmeIg=="
  "resolved" "https://registry.npmjs.org/@babel/code-frame/-/code-frame-7.16.7.tgz"
  "version" "7.16.7"
  dependencies:
    "@babel/highlight" "^7.16.7"

"@babel/compat-data@^7.17.10":
  "integrity" "sha512-BxhE40PVCBxVEJsSBhB6UWyAuqJRxGsAw8BdHMJ3AKGydcwuWW4kOO3HmqBQAdcq/OP+/DlTVxLvsCzRTnZuGg=="
  "resolved" "https://registry.npmjs.org/@babel/compat-data/-/compat-data-7.18.5.tgz"
  "version" "7.18.5"

"@babel/core@^7.0.0", "@babel/core@^7.0.0-0", "@babel/core@^7.17.10":
  "integrity" "sha512-MGY8vg3DxMnctw0LdvSEojOsumc70g0t18gNyUdAZqB1Rpd1Bqo/svHGvt+UJ6JcGX+DIekGFDxxIWofBxLCnQ=="
  "resolved" "https://registry.npmjs.org/@babel/core/-/core-7.18.5.tgz"
  "version" "7.18.5"
  dependencies:
    "@ampproject/remapping" "^2.1.0"
    "@babel/code-frame" "^7.16.7"
    "@babel/generator" "^7.18.2"
    "@babel/helper-compilation-targets" "^7.18.2"
    "@babel/helper-module-transforms" "^7.18.0"
    "@babel/helpers" "^7.18.2"
    "@babel/parser" "^7.18.5"
    "@babel/template" "^7.16.7"
    "@babel/traverse" "^7.18.5"
    "@babel/types" "^7.18.4"
    "convert-source-map" "^1.7.0"
    "debug" "^4.1.0"
    "gensync" "^1.0.0-beta.2"
    "json5" "^2.2.1"
    "semver" "^6.3.0"

"@babel/generator@^7.18.2":
  "integrity" "sha512-W1lG5vUwFvfMd8HVXqdfbuG7RuaSrTCCD8cl8fP8wOivdbtbIg2Db3IWUcgvfxKbbn6ZBGYRW/Zk1MIwK49mgw=="
  "resolved" "https://registry.npmjs.org/@babel/generator/-/generator-7.18.2.tgz"
  "version" "7.18.2"
  dependencies:
    "@babel/types" "^7.18.2"
    "@jridgewell/gen-mapping" "^0.3.0"
    "jsesc" "^2.5.1"

"@babel/helper-annotate-as-pure@^7.16.7":
  "integrity" "sha512-s6t2w/IPQVTAET1HitoowRGXooX8mCgtuP5195wD/QJPV6wYjpujCGF7JuMODVX2ZAJOf1GT6DT9MHEZvLOFSw=="
  "resolved" "https://registry.npmjs.org/@babel/helper-annotate-as-pure/-/helper-annotate-as-pure-7.16.7.tgz"
  "version" "7.16.7"
  dependencies:
    "@babel/types" "^7.16.7"

"@babel/helper-compilation-targets@^7.18.2":
  "integrity" "sha512-s1jnPotJS9uQnzFtiZVBUxe67CuBa679oWFHpxYYnTpRL/1ffhyX44R9uYiXoa/pLXcY9H2moJta0iaanlk/rQ=="
  "resolved" "https://registry.npmjs.org/@babel/helper-compilation-targets/-/helper-compilation-targets-7.18.2.tgz"
  "version" "7.18.2"
  dependencies:
    "@babel/compat-data" "^7.17.10"
    "@babel/helper-validator-option" "^7.16.7"
    "browserslist" "^4.20.2"
    "semver" "^6.3.0"

"@babel/helper-environment-visitor@^7.16.7", "@babel/helper-environment-visitor@^7.18.2":
  "integrity" "sha512-14GQKWkX9oJzPiQQ7/J36FTXcD4kSp8egKjO9nINlSKiHITRA9q/R74qu8S9xlc/b/yjsJItQUeeh3xnGN0voQ=="
  "resolved" "https://registry.npmjs.org/@babel/helper-environment-visitor/-/helper-environment-visitor-7.18.2.tgz"
  "version" "7.18.2"

"@babel/helper-function-name@^7.17.9":
  "integrity" "sha512-7cRisGlVtiVqZ0MW0/yFB4atgpGLWEHUVYnb448hZK4x+vih0YO5UoS11XIYtZYqHd0dIPMdUSv8q5K4LdMnIg=="
  "resolved" "https://registry.npmjs.org/@babel/helper-function-name/-/helper-function-name-7.17.9.tgz"
  "version" "7.17.9"
  dependencies:
    "@babel/template" "^7.16.7"
    "@babel/types" "^7.17.0"

"@babel/helper-hoist-variables@^7.16.7":
  "integrity" "sha512-m04d/0Op34H5v7pbZw6pSKP7weA6lsMvfiIAMeIvkY/R4xQtBSMFEigu9QTZ2qB/9l22vsxtM8a+Q8CzD255fg=="
  "resolved" "https://registry.npmjs.org/@babel/helper-hoist-variables/-/helper-hoist-variables-7.16.7.tgz"
  "version" "7.16.7"
  dependencies:
    "@babel/types" "^7.16.7"

"@babel/helper-module-imports@^7.16.7":
  "integrity" "sha512-LVtS6TqjJHFc+nYeITRo6VLXve70xmq7wPhWTqDJusJEgGmkAACWwMiTNrvfoQo6hEhFwAIixNkvB0jPXDL8Wg=="
  "resolved" "https://registry.npmjs.org/@babel/helper-module-imports/-/helper-module-imports-7.16.7.tgz"
  "version" "7.16.7"
  dependencies:
    "@babel/types" "^7.16.7"

"@babel/helper-module-transforms@^7.18.0":
  "integrity" "sha512-kclUYSUBIjlvnzN2++K9f2qzYKFgjmnmjwL4zlmU5f8ZtzgWe8s0rUPSTGy2HmK4P8T52MQsS+HTQAgZd3dMEA=="
  "resolved" "https://registry.npmjs.org/@babel/helper-module-transforms/-/helper-module-transforms-7.18.0.tgz"
  "version" "7.18.0"
  dependencies:
    "@babel/helper-environment-visitor" "^7.16.7"
    "@babel/helper-module-imports" "^7.16.7"
    "@babel/helper-simple-access" "^7.17.7"
    "@babel/helper-split-export-declaration" "^7.16.7"
    "@babel/helper-validator-identifier" "^7.16.7"
    "@babel/template" "^7.16.7"
    "@babel/traverse" "^7.18.0"
    "@babel/types" "^7.18.0"

"@babel/helper-plugin-utils@^7.17.12", "@babel/helper-plugin-utils@^7.18.6":
  "integrity" "sha512-gvZnm1YAAxh13eJdkb9EWHBnF3eAub3XTLCZEehHT2kWxiKVRL64+ae5Y6Ivne0mVHmMYKT+xWgZO+gQhuLUBg=="
  "resolved" "https://registry.npmjs.org/@babel/helper-plugin-utils/-/helper-plugin-utils-7.18.6.tgz"
  "version" "7.18.6"

"@babel/helper-simple-access@^7.17.7":
  "integrity" "sha512-7LIrjYzndorDY88MycupkpQLKS1AFfsVRm2k/9PtKScSy5tZq0McZTj+DiMRynboZfIqOKvo03pmhTaUgiD6fQ=="
  "resolved" "https://registry.npmjs.org/@babel/helper-simple-access/-/helper-simple-access-7.18.2.tgz"
  "version" "7.18.2"
  dependencies:
    "@babel/types" "^7.18.2"

"@babel/helper-split-export-declaration@^7.16.7":
  "integrity" "sha512-xbWoy/PFoxSWazIToT9Sif+jJTlrMcndIsaOKvTA6u7QEo7ilkRZpjew18/W3c7nm8fXdUDXh02VXTbZ0pGDNw=="
  "resolved" "https://registry.npmjs.org/@babel/helper-split-export-declaration/-/helper-split-export-declaration-7.16.7.tgz"
  "version" "7.16.7"
  dependencies:
    "@babel/types" "^7.16.7"

"@babel/helper-validator-identifier@^7.16.7":
  "integrity" "sha512-hsEnFemeiW4D08A5gUAZxLBTXpZ39P+a+DGDsHw1yxqyQ/jzFEnxf5uTEGp+3bzAbNOxU1paTgYS4ECU/IgfDw=="
  "resolved" "https://registry.npmjs.org/@babel/helper-validator-identifier/-/helper-validator-identifier-7.16.7.tgz"
  "version" "7.16.7"

"@babel/helper-validator-option@^7.16.7":
  "integrity" "sha512-TRtenOuRUVo9oIQGPC5G9DgK4743cdxvtOw0weQNpZXaS16SCBi5MNjZF8vba3ETURjZpTbVn7Vvcf2eAwFozQ=="
  "resolved" "https://registry.npmjs.org/@babel/helper-validator-option/-/helper-validator-option-7.16.7.tgz"
  "version" "7.16.7"

"@babel/helpers@^7.18.2":
  "integrity" "sha512-j+d+u5xT5utcQSzrh9p+PaJX94h++KN+ng9b9WEJq7pkUPAd61FGqhjuUEdfknb3E/uDBb7ruwEeKkIxNJPIrg=="
  "resolved" "https://registry.npmjs.org/@babel/helpers/-/helpers-7.18.2.tgz"
  "version" "7.18.2"
  dependencies:
    "@babel/template" "^7.16.7"
    "@babel/traverse" "^7.18.2"
    "@babel/types" "^7.18.2"

"@babel/highlight@^7.16.7":
  "integrity" "sha512-7yykMVF3hfZY2jsHZEEgLc+3x4o1O+fYyULu11GynEUQNwB6lua+IIQn1FiJxNucd5UlyJryrwsOh8PL9Sn8Qg=="
  "resolved" "https://registry.npmjs.org/@babel/highlight/-/highlight-7.17.12.tgz"
  "version" "7.17.12"
  dependencies:
    "@babel/helper-validator-identifier" "^7.16.7"
    "chalk" "^2.0.0"
    "js-tokens" "^4.0.0"

"@babel/parser@^7.16.7", "@babel/parser@^7.18.5":
  "integrity" "sha512-YZWVaglMiplo7v8f1oMQ5ZPQr0vn7HPeZXxXWsxXJRjGVrzUFn9OxFQl1sb5wzfootjA/yChhW84BV+383FSOw=="
  "resolved" "https://registry.npmjs.org/@babel/parser/-/parser-7.18.5.tgz"
  "version" "7.18.5"

"@babel/plugin-syntax-jsx@^7.17.12":
  "integrity" "sha512-spyY3E3AURfxh/RHtjx5j6hs8am5NbUBGfcZ2vB3uShSpZdQyXSf5rR5Mk76vbtlAZOelyVQ71Fg0x9SG4fsog=="
  "resolved" "https://registry.npmjs.org/@babel/plugin-syntax-jsx/-/plugin-syntax-jsx-7.17.12.tgz"
  "version" "7.17.12"
  dependencies:
    "@babel/helper-plugin-utils" "^7.17.12"

"@babel/plugin-transform-react-jsx-development@^7.16.7":
  "integrity" "sha512-RMvQWvpla+xy6MlBpPlrKZCMRs2AGiHOGHY3xRwl0pEeim348dDyxeH4xBsMPbIMhujeq7ihE702eM2Ew0Wo+A=="
  "resolved" "https://registry.npmjs.org/@babel/plugin-transform-react-jsx-development/-/plugin-transform-react-jsx-development-7.16.7.tgz"
  "version" "7.16.7"
  dependencies:
    "@babel/plugin-transform-react-jsx" "^7.16.7"

"@babel/plugin-transform-react-jsx-self@^7.16.7":
  "integrity" "sha512-A0LQGx4+4Jv7u/tWzoJF7alZwnBDQd6cGLh9P+Ttk4dpiL+J5p7NSNv/9tlEFFJDq3kjxOavWmbm6t0Gk+A3Ig=="
  "resolved" "https://registry.npmjs.org/@babel/plugin-transform-react-jsx-self/-/plugin-transform-react-jsx-self-7.18.6.tgz"
  "version" "7.18.6"
  dependencies:
    "@babel/helper-plugin-utils" "^7.18.6"

"@babel/plugin-transform-react-jsx-source@^7.16.7":
  "integrity" "sha512-utZmlASneDfdaMh0m/WausbjUjEdGrQJz0vFK93d7wD3xf5wBtX219+q6IlCNZeguIcxS2f/CvLZrlLSvSHQXw=="
  "resolved" "https://registry.npmjs.org/@babel/plugin-transform-react-jsx-source/-/plugin-transform-react-jsx-source-7.18.6.tgz"
  "version" "7.18.6"
  dependencies:
    "@babel/helper-plugin-utils" "^7.18.6"

"@babel/plugin-transform-react-jsx@^7.16.7", "@babel/plugin-transform-react-jsx@^7.17.3":
  "integrity" "sha512-Lcaw8bxd1DKht3thfD4A12dqo1X16he1Lm8rIv8sTwjAYNInRS1qHa9aJoqvzpscItXvftKDCfaEQzwoVyXpEQ=="
  "resolved" "https://registry.npmjs.org/@babel/plugin-transform-react-jsx/-/plugin-transform-react-jsx-7.17.12.tgz"
  "version" "7.17.12"
  dependencies:
    "@babel/helper-annotate-as-pure" "^7.16.7"
    "@babel/helper-module-imports" "^7.16.7"
    "@babel/helper-plugin-utils" "^7.17.12"
    "@babel/plugin-syntax-jsx" "^7.17.12"
    "@babel/types" "^7.17.12"

"@babel/template@^7.16.7":
  "integrity" "sha512-I8j/x8kHUrbYRTUxXrrMbfCa7jxkE7tZre39x3kjr9hvI82cK1FfqLygotcWN5kdPGWcLdWMHpSBavse5tWw3w=="
  "resolved" "https://registry.npmjs.org/@babel/template/-/template-7.16.7.tgz"
  "version" "7.16.7"
  dependencies:
    "@babel/code-frame" "^7.16.7"
    "@babel/parser" "^7.16.7"
    "@babel/types" "^7.16.7"

"@babel/traverse@^7.18.0", "@babel/traverse@^7.18.2", "@babel/traverse@^7.18.5":
  "integrity" "sha512-aKXj1KT66sBj0vVzk6rEeAO6Z9aiiQ68wfDgge3nHhA/my6xMM/7HGQUNumKZaoa2qUPQ5whJG9aAifsxUKfLA=="
  "resolved" "https://registry.npmjs.org/@babel/traverse/-/traverse-7.18.5.tgz"
  "version" "7.18.5"
  dependencies:
    "@babel/code-frame" "^7.16.7"
    "@babel/generator" "^7.18.2"
    "@babel/helper-environment-visitor" "^7.18.2"
    "@babel/helper-function-name" "^7.17.9"
    "@babel/helper-hoist-variables" "^7.16.7"
    "@babel/helper-split-export-declaration" "^7.16.7"
    "@babel/parser" "^7.18.5"
    "@babel/types" "^7.18.4"
    "debug" "^4.1.0"
    "globals" "^11.1.0"

"@babel/types@^7.16.7", "@babel/types@^7.17.0", "@babel/types@^7.17.12", "@babel/types@^7.18.0", "@babel/types@^7.18.2", "@babel/types@^7.18.4":
  "integrity" "sha512-ThN1mBcMq5pG/Vm2IcBmPPfyPXbd8S02rS+OBIDENdufvqC7Z/jHPCv9IcP01277aKtDI8g/2XysBN4hA8niiw=="
  "resolved" "https://registry.npmjs.org/@babel/types/-/types-7.18.4.tgz"
  "version" "7.18.4"
  dependencies:
    "@babel/helper-validator-identifier" "^7.16.7"
    "to-fast-properties" "^2.0.0"

"@fiftyone/aggregations@file:../../fiftyone/app/packages/aggregations":
  "resolved" "file:../../fiftyone/app/packages/aggregations"
  "version" "0.0.0"

"@fiftyone/plugins@../../fiftyone/app/packages/plugins":
  "resolved" "file:../../fiftyone/app/packages/plugins"
  "version" "0.0.0"

"@fortawesome/fontawesome-free@^6.1.1":
  "integrity" "sha512-J/3yg2AIXc9wznaVqpHVX3Wa5jwKovVF0AMYSnbmcXTiL3PpRPfF58pzWucCwEiCJBp+hCNRLWClTomD8SseKg=="
  "resolved" "https://registry.npmjs.org/@fortawesome/fontawesome-free/-/fontawesome-free-6.1.1.tgz"
  "version" "6.1.1"

"@jridgewell/gen-mapping@^0.1.0":
  "integrity" "sha512-sQXCasFk+U8lWYEe66WxRDOE9PjVz4vSM51fTu3Hw+ClTpUSQb718772vH3pyS5pShp6lvQM7SxgIDXXXmOX7w=="
  "resolved" "https://registry.npmjs.org/@jridgewell/gen-mapping/-/gen-mapping-0.1.1.tgz"
  "version" "0.1.1"
  dependencies:
    "@jridgewell/set-array" "^1.0.0"
    "@jridgewell/sourcemap-codec" "^1.4.10"

"@jridgewell/gen-mapping@^0.3.0":
  "integrity" "sha512-GcHwniMlA2z+WFPWuY8lp3fsza0I8xPFMWL5+n8LYyP6PSvPrXf4+n8stDHZY2DM0zy9sVkRDy1jDI4XGzYVqg=="
  "resolved" "https://registry.npmjs.org/@jridgewell/gen-mapping/-/gen-mapping-0.3.1.tgz"
  "version" "0.3.1"
  dependencies:
    "@jridgewell/set-array" "^1.0.0"
    "@jridgewell/sourcemap-codec" "^1.4.10"
    "@jridgewell/trace-mapping" "^0.3.9"

"@jridgewell/resolve-uri@^3.0.3":
  "integrity" "sha512-8cXDaBBHOr2pQ7j77Y6Vp5VDT2sIqWyWQ56TjEq4ih/a4iST3dItRe8Q9fp0rrIl9DoKhWQtUQz/YpOxLkXbNA=="
  "resolved" "https://registry.npmjs.org/@jridgewell/resolve-uri/-/resolve-uri-3.0.7.tgz"
  "version" "3.0.7"

"@jridgewell/set-array@^1.0.0":
  "integrity" "sha512-Ct5MqZkLGEXTVmQYbGtx9SVqD2fqwvdubdps5D3djjAkgkKwT918VNOz65pEHFaYTeWcukmJmH5SwsA9Tn2ObQ=="
  "resolved" "https://registry.npmjs.org/@jridgewell/set-array/-/set-array-1.1.1.tgz"
  "version" "1.1.1"

"@jridgewell/sourcemap-codec@^1.4.10":
  "integrity" "sha512-GryiOJmNcWbovBxTfZSF71V/mXbgcV3MewDe3kIMCLyIh5e7SKAeUZs+rMnJ8jkMolZ/4/VsdBmMrw3l+VdZ3w=="
  "resolved" "https://registry.npmjs.org/@jridgewell/sourcemap-codec/-/sourcemap-codec-1.4.13.tgz"
  "version" "1.4.13"

"@jridgewell/trace-mapping@^0.3.9":
  "integrity" "sha512-o1xbKhp9qnIAoHJSWd6KlCZfqslL4valSF81H8ImioOAxluWYWOpWkpyktY2vnt4tbrX9XYaxovq6cgowaJp2w=="
  "resolved" "https://registry.npmjs.org/@jridgewell/trace-mapping/-/trace-mapping-0.3.13.tgz"
  "version" "0.3.13"
  dependencies:
    "@jridgewell/resolve-uri" "^3.0.3"
    "@jridgewell/sourcemap-codec" "^1.4.10"

"@mapbox/geojson-rewind@^0.5.1":
  "integrity" "sha512-tJaT+RbYGJYStt7wI3cq4Nl4SXxG8W7JDG5DMJu97V25RnbNg3QtQtf+KD+VLjNpWKYsRvXDNmNrBgEETr1ifA=="
  "resolved" "https://registry.npmjs.org/@mapbox/geojson-rewind/-/geojson-rewind-0.5.2.tgz"
  "version" "0.5.2"
  dependencies:
    "get-stream" "^6.0.1"
    "minimist" "^1.2.6"

"@mapbox/geojson-types@^1.0.2":
  "integrity" "sha512-e9EBqHHv3EORHrSfbR9DqecPNn+AmuAoQxV6aL8Xu30bJMJR1o8PZLZzpk1Wq7/NfCbuhmakHTPYRhoqLsXRnw=="
  "resolved" "https://registry.npmjs.org/@mapbox/geojson-types/-/geojson-types-1.0.2.tgz"
  "version" "1.0.2"

"@mapbox/jsonlint-lines-primitives@^2.0.2":
  "integrity" "sha512-rY0o9A5ECsTQRVhv7tL/OyDpGAoUB4tTvLiW1DSzQGq4bvTPhNw1VpSNjDJc5GFZ2XuyOtSWSVN05qOtcD71qQ=="
  "resolved" "https://registry.npmjs.org/@mapbox/jsonlint-lines-primitives/-/jsonlint-lines-primitives-2.0.2.tgz"
  "version" "2.0.2"

"@mapbox/mapbox-gl-supported@^2.0.1":
  "integrity" "sha512-HP6XvfNIzfoMVfyGjBckjiAOQK9WfX0ywdLubuPMPv+Vqf5fj0uCbgBQYpiqcWZT6cbyyRnTSXDheT1ugvF6UQ=="
  "resolved" "https://registry.npmjs.org/@mapbox/mapbox-gl-supported/-/mapbox-gl-supported-2.0.1.tgz"
  "version" "2.0.1"

"@mapbox/point-geometry@^0.1.0", "@mapbox/point-geometry@~0.1.0", "@mapbox/point-geometry@0.1.0":
  "integrity" "sha512-6j56HdLTwWGO0fJPlrZtdU/B13q8Uwmo18Ck2GnGgN9PCFyKTZ3UbXeEdRFh18i9XQ92eH2VdtpJHpBD3aripQ=="
  "resolved" "https://registry.npmjs.org/@mapbox/point-geometry/-/point-geometry-0.1.0.tgz"
  "version" "0.1.0"

"@mapbox/tiny-sdf@^2.0.5":
  "integrity" "sha512-OhXt2lS//WpLdkqrzo/KwB7SRD8AiNTFFzuo9n14IBupzIMa67yGItcK7I2W9D8Ghpa4T04Sw9FWsKCJG50Bxw=="
  "resolved" "https://registry.npmjs.org/@mapbox/tiny-sdf/-/tiny-sdf-2.0.5.tgz"
  "version" "2.0.5"

"@mapbox/unitbezier@^0.0.0":
  "integrity" "sha512-HPnRdYO0WjFjRTSwO3frz1wKaU649OBFPX3Zo/2WZvuRi6zMiRGui8SnPQiQABgqCf8YikDe5t3HViTVw1WUzA=="
  "resolved" "https://registry.npmjs.org/@mapbox/unitbezier/-/unitbezier-0.0.0.tgz"
  "version" "0.0.0"

"@mapbox/vector-tile@^1.3.1":
  "integrity" "sha512-MCEddb8u44/xfQ3oD+Srl/tNcQoqTw3goGk2oLsrFxOTc3dUp+kAnby3PvAeeBYSMSjSPD1nd1AJA6W49WnoUw=="
  "resolved" "https://registry.npmjs.org/@mapbox/vector-tile/-/vector-tile-1.3.1.tgz"
  "version" "1.3.1"
  dependencies:
    "@mapbox/point-geometry" "~0.1.0"

"@mapbox/whoots-js@^3.1.0":
  "integrity" "sha512-Es6WcD0nO5l+2BOQS4uLfNPYQaNDfbot3X1XUoloz+x0mPDS3eeORZJl06HXjwBG1fOGwCRnzK88LMdxKRrd6Q=="
  "resolved" "https://registry.npmjs.org/@mapbox/whoots-js/-/whoots-js-3.1.0.tgz"
  "version" "3.1.0"

"@rollup/plugin-inject@^4.0.0":
  "integrity" "sha512-4pbcU4J/nS+zuHk+c+OL3WtmEQhqxlZ9uqfjQMQDOHOPld7PsCd8k5LWs8h5wjwJN7MgnAn768F2sDxEP4eNFQ=="
  "resolved" "https://registry.npmjs.org/@rollup/plugin-inject/-/plugin-inject-4.0.4.tgz"
  "version" "4.0.4"
  dependencies:
    "@rollup/pluginutils" "^3.1.0"
    "estree-walker" "^2.0.1"
    "magic-string" "^0.25.7"

"@rollup/pluginutils@^3.1.0":
  "integrity" "sha512-GksZ6pr6TpIjHm8h9lSQ8pi8BE9VeubNT0OMJ3B5uZJ8pz73NPiqOtCog/x2/QzM1ENChPKxMDhiQuRHsqc+lg=="
  "resolved" "https://registry.npmjs.org/@rollup/pluginutils/-/pluginutils-3.1.0.tgz"
  "version" "3.1.0"
  dependencies:
    "@types/estree" "0.0.39"
    "estree-walker" "^1.0.1"
    "picomatch" "^2.2.2"

"@rollup/pluginutils@^4.0.0":
  "integrity" "sha512-iKnFXr7NkdZAIHiIWE+BX5ULi/ucVFYWD6TbAV+rZctiRTY2PL6tsIKhoIOaoskiWAkgu+VsbXgUVDNLHf+InQ=="
  "resolved" "https://registry.npmjs.org/@rollup/pluginutils/-/pluginutils-4.2.1.tgz"
  "version" "4.2.1"
  dependencies:
    "estree-walker" "^2.0.1"
    "picomatch" "^2.2.2"

"@rollup/pluginutils@^4.2.1":
  "integrity" "sha512-iKnFXr7NkdZAIHiIWE+BX5ULi/ucVFYWD6TbAV+rZctiRTY2PL6tsIKhoIOaoskiWAkgu+VsbXgUVDNLHf+InQ=="
  "resolved" "https://registry.npmjs.org/@rollup/pluginutils/-/pluginutils-4.2.1.tgz"
  "version" "4.2.1"
  dependencies:
    "estree-walker" "^2.0.1"
    "picomatch" "^2.2.2"

"@terraformer/common@^2.0.7":
  "integrity" "sha512-8bl+/JT0Rw6FYe2H3FfJS8uQwgzGl+UHs+8JX0TQLHgA4sMDEwObbMwo0iP3FVONwPXrPHEpC5YH7Grve0cl9A=="
  "resolved" "https://registry.npmjs.org/@terraformer/common/-/common-2.0.7.tgz"
  "version" "2.0.7"

"@terraformer/spatial@^2.1.0":
  "integrity" "sha512-WcDqlg4cZQVI448FAJ+IwTUsOPMXddOohyzpvcbKxBTr4zjAH82aF2aomCcbaghU7dawosfAvTgbB9m3lU28fg=="
  "resolved" "https://registry.npmjs.org/@terraformer/spatial/-/spatial-2.1.1.tgz"
  "version" "2.1.1"
  dependencies:
    "@terraformer/common" "^2.0.7"

"@types/estree@*":
  "integrity" "sha512-CuPgU6f3eT/XgKKPqKd/gLZV1Xmvf1a2R5POBOGQa6uv82xpls89HU5zKeVoyR8XzHd1RGNOlQlvUe3CFkjWNQ=="
  "resolved" "https://registry.npmjs.org/@types/estree/-/estree-0.0.51.tgz"
  "version" "0.0.51"

"@types/estree@0.0.39":
  "integrity" "sha512-EYNwp3bU+98cpU4lAWYYL7Zz+2gryWH1qbdDTidVd6hkiR6weksdbMadyXKXNPEkQFhXM+hVO9ZygomHXp+AIw=="
  "resolved" "https://registry.npmjs.org/@types/estree/-/estree-0.0.39.tgz"
  "version" "0.0.39"

"@types/node@^18.0.1":
  "integrity" "sha512-CmR8+Tsy95hhwtZBKJBs0/FFq4XX7sDZHlGGf+0q+BRZfMbOTkzkj0AFAuTyXbObDIoanaBBW0+KEW+m3N16Wg=="
  "resolved" "https://registry.npmjs.org/@types/node/-/node-18.0.1.tgz"
  "version" "18.0.1"

"@types/prop-types@*":
  "integrity" "sha512-JCB8C6SnDoQf0cNycqd/35A7MjcnK+ZTqE7judS6o7utxUCg6imJg3QK2qzHKszlTjcj2cn+NwMB2i96ubpj7w=="
  "resolved" "https://registry.npmjs.org/@types/prop-types/-/prop-types-15.7.5.tgz"
  "version" "15.7.5"

"@types/react-dom@^18.0.0":
  "integrity" "sha512-OWPWTUrY/NIrjsAPkAk1wW9LZeIjSvkXRhclsFO8CZcZGCOg2G0YZy4ft+rOyYxy8B7ui5iZzi9OkDebZ7/QSA=="
  "resolved" "https://registry.npmjs.org/@types/react-dom/-/react-dom-18.0.5.tgz"
  "version" "18.0.5"
  dependencies:
    "@types/react" "*"

"@types/react@*", "@types/react@^18.0.0":
  "integrity" "sha512-duF1OTASSBQtcigUvhuiTB1Ya3OvSy+xORCiEf20H0P0lzx+/KeVsA99U5UjLXSbyo1DRJDlLKqTeM1ngosqtg=="
  "resolved" "https://registry.npmjs.org/@types/react/-/react-18.0.12.tgz"
  "version" "18.0.12"
  dependencies:
    "@types/prop-types" "*"
    "@types/scheduler" "*"
    "csstype" "^3.0.2"

"@types/scheduler@*":
  "integrity" "sha512-hppQEBDmlwhFAXKJX2KnWLYu5yMfi91yazPb2l+lbJiwW+wdo1gNeRA+3RgNSO39WYX2euey41KEwnqesU2Jew=="
  "resolved" "https://registry.npmjs.org/@types/scheduler/-/scheduler-0.16.2.tgz"
  "version" "0.16.2"

"@vitejs/plugin-react@^1.3.0":
  "integrity" "sha512-aurBNmMo0kz1O4qRoY+FM4epSA39y3ShWGuqfLRA/3z0oEJAdtoSfgA3aO98/PCCHAqMaduLxIxErWrVKIFzXA=="
  "resolved" "https://registry.npmjs.org/@vitejs/plugin-react/-/plugin-react-1.3.2.tgz"
  "version" "1.3.2"
  dependencies:
    "@babel/core" "^7.17.10"
    "@babel/plugin-transform-react-jsx" "^7.17.3"
    "@babel/plugin-transform-react-jsx-development" "^7.16.7"
    "@babel/plugin-transform-react-jsx-self" "^7.16.7"
    "@babel/plugin-transform-react-jsx-source" "^7.16.7"
    "@rollup/pluginutils" "^4.2.1"
    "react-refresh" "^0.13.0"
    "resolve" "^1.22.0"

"acorn@^8.4.0":
  "integrity" "sha512-Xx54uLJQZ19lKygFXOWsscKUbsBZW0CPykPhVQdhIeIwrbPmJzqeASDInc8nKBnp/JT6igTs82qPXz069H8I/A=="
  "resolved" "https://registry.npmjs.org/acorn/-/acorn-8.7.1.tgz"
  "version" "8.7.1"

"ansi-styles@^3.2.1":
  "integrity" "sha512-VT0ZI6kZRdTh8YyJw3SMbYm/u+NqfsAxEpWO0Pf9sq8/e94WxxOpPKx9FR1FlyCtOVDNOQ+8ntlqFxiRc+r5qA=="
  "resolved" "https://registry.npmjs.org/ansi-styles/-/ansi-styles-3.2.1.tgz"
  "version" "3.2.1"
  dependencies:
    "color-convert" "^1.9.0"

"browserslist@^4.20.2":
  "integrity" "sha512-ok1d+1WpnU24XYN7oC3QWgTyMhY/avPJ/r9T00xxvUOIparA/gc+UPUMaod3i+G6s+nI2nUb9xZ5k794uIwShw=="
  "resolved" "https://registry.npmjs.org/browserslist/-/browserslist-4.20.4.tgz"
  "version" "4.20.4"
  dependencies:
    "caniuse-lite" "^1.0.30001349"
    "electron-to-chromium" "^1.4.147"
    "escalade" "^3.1.1"
    "node-releases" "^2.0.5"
    "picocolors" "^1.0.0"

"caniuse-lite@^1.0.30001349":
  "integrity" "sha512-GUgH8w6YergqPQDGWhJGt8GDRnY0L/iJVQcU3eJ46GYf52R8tk0Wxp0PymuFVZboJYXGiCqwozAYZNRjVj6IcA=="
  "resolved" "https://registry.npmjs.org/caniuse-lite/-/caniuse-lite-1.0.30001352.tgz"
  "version" "1.0.30001352"

"chalk@^2.0.0":
  "integrity" "sha512-Mti+f9lpJNcwF4tWV8/OrTTtF1gZi+f8FqlyAdouralcFWFQWF2+NgCHShjkCb+IFBLq9buZwE1xckQU4peSuQ=="
  "resolved" "https://registry.npmjs.org/chalk/-/chalk-2.4.2.tgz"
  "version" "2.4.2"
  dependencies:
    "ansi-styles" "^3.2.1"
    "escape-string-regexp" "^1.0.5"
    "supports-color" "^5.3.0"

"color-convert@^1.9.0":
  "integrity" "sha512-QfAUtd+vFdAtFQcC8CCyYt1fYWxSqAiK2cSD6zDB8N3cpsEBAvRxp9zOGg6G/SHHJYAT88/az/IuDGALsNVbGg=="
  "resolved" "https://registry.npmjs.org/color-convert/-/color-convert-1.9.3.tgz"
  "version" "1.9.3"
  dependencies:
    "color-name" "1.1.3"

"color-name@1.1.3":
  "integrity" "sha512-72fSenhMw2HZMTVHeCA9KCmpEIbzWiQsjN+BHcBbS9vr1mtt+vJjPdksIBNUmKAW8TFUDPJK5SUU3QhE9NEXDw=="
  "resolved" "https://registry.npmjs.org/color-name/-/color-name-1.1.3.tgz"
  "version" "1.1.3"

"convert-source-map@^1.7.0":
  "integrity" "sha512-+OQdjP49zViI/6i7nIJpA8rAl4sV/JdPfU9nZs3VqOwGIgizICvuN2ru6fMd+4llL0tar18UYJXfZ/TWtmhUjA=="
  "resolved" "https://registry.npmjs.org/convert-source-map/-/convert-source-map-1.8.0.tgz"
  "version" "1.8.0"
  dependencies:
    "safe-buffer" "~5.1.1"

"csscolorparser@~1.0.3":
  "integrity" "sha512-umPSgYwZkdFoUrH5hIq5kf0wPSXiro51nPw0j2K/c83KflkPSTBGMz6NJvMB+07VlL0y7VPo6QJcDjcgKTTm3w=="
  "resolved" "https://registry.npmjs.org/csscolorparser/-/csscolorparser-1.0.3.tgz"
  "version" "1.0.3"

"csstype@^3.0.2":
  "integrity" "sha512-uX1KG+x9h5hIJsaKR9xHUeUraxf8IODOwq9JLNPq6BwB04a/xgpq3rcx47l5BZu5zBPlgD342tdke3Hom/nJRA=="
  "resolved" "https://registry.npmjs.org/csstype/-/csstype-3.1.0.tgz"
  "version" "3.1.0"

"debug@^4.1.0":
  "integrity" "sha512-PRWFHuSU3eDtQJPvnNY7Jcket1j0t5OuOsFzPPzsekD52Zl8qUfFIPEiswXqIvHWGVHOgX+7G/vCNNhehwxfkQ=="
  "resolved" "https://registry.npmjs.org/debug/-/debug-4.3.4.tgz"
  "version" "4.3.4"
  dependencies:
    "ms" "2.1.2"

"earcut@^2.2.3":
  "integrity" "sha512-iRDI1QeCQIhMCZk48DRDMVgQSSBDmbzzNhnxIo+pwx3swkfjMh6vh0nWLq1NdvGHLKH6wIrAM3vQWeTj6qeoug=="
  "resolved" "https://registry.npmjs.org/earcut/-/earcut-2.2.3.tgz"
  "version" "2.2.3"

"electron-to-chromium@^1.4.147":
  "integrity" "sha512-GbV9djOkrnj6xmW+YYVVEI3VCQnJ0pnSTu7TW2JyjKd5cakoiSaG5R4RbEtfaD92GsY10DzbU3GYRe+IOA9kqA=="
  "resolved" "https://registry.npmjs.org/electron-to-chromium/-/electron-to-chromium-1.4.154.tgz"
  "version" "1.4.154"

"es-module-lexer@^0.4.1":
  "integrity" "sha512-ooYciCUtfw6/d2w56UVeqHPcoCFAiJdz5XOkYpv/Txl1HMUozpXjz/2RIQgqwKdXNDPSF1W7mJCFse3G+HDyAA=="
  "resolved" "https://registry.npmjs.org/es-module-lexer/-/es-module-lexer-0.4.1.tgz"
  "version" "0.4.1"

"esbuild-darwin-arm64@0.14.48":
  "integrity" "sha512-bFjnNEXjhZT+IZ8RvRGNJthLWNHV5JkCtuOFOnjvo5pC0sk2/QVk0Qc06g2PV3J0TcU6kaPC3RN9yy9w2PSLEA=="
  "resolved" "https://registry.npmjs.org/esbuild-darwin-arm64/-/esbuild-darwin-arm64-0.14.48.tgz"
  "version" "0.14.48"

"esbuild@^0.14.27":
  "integrity" "sha512-w6N1Yn5MtqK2U1/WZTX9ZqUVb8IOLZkZ5AdHkT6x3cHDMVsYWC7WPdiLmx19w3i4Rwzy5LqsEMtVihG3e4rFzA=="
  "resolved" "https://registry.npmjs.org/esbuild/-/esbuild-0.14.48.tgz"
  "version" "0.14.48"
  optionalDependencies:
    "esbuild-android-64" "0.14.48"
    "esbuild-android-arm64" "0.14.48"
    "esbuild-darwin-64" "0.14.48"
    "esbuild-darwin-arm64" "0.14.48"
    "esbuild-freebsd-64" "0.14.48"
    "esbuild-freebsd-arm64" "0.14.48"
    "esbuild-linux-32" "0.14.48"
    "esbuild-linux-64" "0.14.48"
    "esbuild-linux-arm" "0.14.48"
    "esbuild-linux-arm64" "0.14.48"
    "esbuild-linux-mips64le" "0.14.48"
    "esbuild-linux-ppc64le" "0.14.48"
    "esbuild-linux-riscv64" "0.14.48"
    "esbuild-linux-s390x" "0.14.48"
    "esbuild-netbsd-64" "0.14.48"
    "esbuild-openbsd-64" "0.14.48"
    "esbuild-sunos-64" "0.14.48"
    "esbuild-windows-32" "0.14.48"
    "esbuild-windows-64" "0.14.48"
    "esbuild-windows-arm64" "0.14.48"

"escalade@^3.1.1":
  "integrity" "sha512-k0er2gUkLf8O0zKJiAhmkTnJlTvINGv7ygDNPbeIsX/TJjGJZHuh9B2UxbsaEkmlEo9MfhrSzmhIlhRlI2GXnw=="
  "resolved" "https://registry.npmjs.org/escalade/-/escalade-3.1.1.tgz"
  "version" "3.1.1"

"escape-string-regexp@^1.0.5":
  "integrity" "sha512-vbRorB5FUQWvla16U8R/qgaFIya2qGzwDrNmCZuYKrbdSUMG6I1ZCGQRefkRVhuOkIGVne7BQ35DSfo1qvJqFg=="
  "resolved" "https://registry.npmjs.org/escape-string-regexp/-/escape-string-regexp-1.0.5.tgz"
  "version" "1.0.5"

"estree-walker@^1.0.1":
  "integrity" "sha512-1fMXF3YP4pZZVozF8j/ZLfvnR8NSIljt56UhbZ5PeeDmmGHpgpdwQt7ITlGvYaQukCvuBRMLEiKiYC+oeIg4cg=="
  "resolved" "https://registry.npmjs.org/estree-walker/-/estree-walker-1.0.1.tgz"
  "version" "1.0.1"

"estree-walker@^2.0.1":
  "integrity" "sha512-Rfkk/Mp/DL7JVje3u18FxFujQlTNR2q6QfMSMB7AvCBx91NGj/ba3kCfza0f6dVDbw7YlRf/nDrn7pQrCCyQ/w=="
  "resolved" "https://registry.npmjs.org/estree-walker/-/estree-walker-2.0.2.tgz"
  "version" "2.0.2"

"fs-extra@^10.0.0":
  "integrity" "sha512-oRXApq54ETRj4eMiFzGnHWGy+zo5raudjuxN0b8H7s/RU2oW0Wvsx9O0ACRN/kRq9E8Vu/ReskGB5o3ji+FzHQ=="
  "resolved" "https://registry.npmjs.org/fs-extra/-/fs-extra-10.1.0.tgz"
  "version" "10.1.0"
  dependencies:
    "graceful-fs" "^4.2.0"
    "jsonfile" "^6.0.1"
    "universalify" "^2.0.0"

"fsevents@~2.3.2":
  "integrity" "sha512-xiqMQR4xAeHTuB9uWm+fFRcIOgKBMiOBP+eXiyT7jsgVCq1bkVygt00oASowB7EdtpOHaaPgKt812P9ab+DDKA=="
  "resolved" "https://registry.npmjs.org/fsevents/-/fsevents-2.3.2.tgz"
  "version" "2.3.2"

"function-bind@^1.1.1":
  "integrity" "sha512-yIovAzMX49sF8Yl58fSCWJ5svSLuaibPxXQJFLmBObTuCr0Mf1KiPopGM9NiFjiYBCbfaa2Fh6breQ6ANVTI0A=="
  "resolved" "https://registry.npmjs.org/function-bind/-/function-bind-1.1.1.tgz"
  "version" "1.1.1"

"gensync@^1.0.0-beta.2":
  "integrity" "sha512-3hN7NaskYvMDLQY55gnW3NQ+mesEAepTqlg+VEbj7zzqEMBVNhzcGYYeqFo/TlYz6eQiFcp1HcsCZO+nGgS8zg=="
  "resolved" "https://registry.npmjs.org/gensync/-/gensync-1.0.0-beta.2.tgz"
  "version" "1.0.0-beta.2"

"geojson-vt@^3.2.1":
  "integrity" "sha512-EvGQQi/zPrDA6zr6BnJD/YhwAkBP8nnJ9emh3EnHQKVMfg/MRVtPbMYdgVy/IaEmn4UfagD2a6fafPDL5hbtwg=="
  "resolved" "https://registry.npmjs.org/geojson-vt/-/geojson-vt-3.2.1.tgz"
  "version" "3.2.1"

"get-stream@^6.0.1":
  "integrity" "sha512-ts6Wi+2j3jQjqi70w5AlN8DFnkSwC+MqmxEzdEALB2qXZYV3X/b1CTfgPLGJNMeAWxdPfU8FO1ms3NUfaHCPYg=="
  "resolved" "https://registry.npmjs.org/get-stream/-/get-stream-6.0.1.tgz"
  "version" "6.0.1"

"gl-matrix@^3.4.3":
  "integrity" "sha512-wcCp8vu8FT22BnvKVPjXa/ICBWRq/zjFfdofZy1WSpQZpphblv12/bOQLBC1rMM7SGOFS9ltVmKOHil5+Ml7gA=="
  "resolved" "https://registry.npmjs.org/gl-matrix/-/gl-matrix-3.4.3.tgz"
  "version" "3.4.3"

"globals@^11.1.0":
  "integrity" "sha512-WOBp/EEGUiIsJSp7wcv/y6MO+lV9UoncWqxuFfm8eBwzWNgyfBd6Gz+IeKQ9jCmyhoH99g15M3T+QaVHFjizVA=="
  "resolved" "https://registry.npmjs.org/globals/-/globals-11.12.0.tgz"
  "version" "11.12.0"

"graceful-fs@^4.1.6", "graceful-fs@^4.2.0":
  "integrity" "sha512-9ByhssR2fPVsNZj478qUUbKfmL0+t5BDVyjShtyZZLiK7ZDAArFFfopyOTj0M05wE2tJPisA4iTnnXl2YoPvOA=="
  "resolved" "https://registry.npmjs.org/graceful-fs/-/graceful-fs-4.2.10.tgz"
  "version" "4.2.10"

"grid-index@^1.1.0":
  "integrity" "sha512-HZRwumpOGUrHyxO5bqKZL0B0GlUpwtCAzZ42sgxUPniu33R1LSFH5yrIcBCHjkctCAh3mtWKcKd9J4vDDdeVHA=="
  "resolved" "https://registry.npmjs.org/grid-index/-/grid-index-1.1.0.tgz"
  "version" "1.1.0"

"has-flag@^3.0.0":
  "integrity" "sha512-sKJf1+ceQBr4SMkvQnBDNDtf4TXpVhVGateu0t918bl30FnbE2m4vNLX+VWe/dpjlb+HugGYzW7uQXH98HPEYw=="
  "resolved" "https://registry.npmjs.org/has-flag/-/has-flag-3.0.0.tgz"
  "version" "3.0.0"

"has@^1.0.3":
  "integrity" "sha512-f2dvO0VU6Oej7RkWJGrehjbzMAjFp5/VKPp5tTpWIV4JHHZK1/BxbFRtf/siA2SWTe09caDmVtYYzWEIbBS4zw=="
  "resolved" "https://registry.npmjs.org/has/-/has-1.0.3.tgz"
  "version" "1.0.3"
  dependencies:
    "function-bind" "^1.1.1"

"ieee754@^1.1.12":
  "integrity" "sha512-dcyqhDvX1C46lXZcVqCpK+FtMRQVdIMN6/Df5js2zouUsqG7I6sFxitIC+7KYK29KdXOLHdu9zL4sFnoVQnqaA=="
  "resolved" "https://registry.npmjs.org/ieee754/-/ieee754-1.2.1.tgz"
  "version" "1.2.1"

"is-core-module@^2.8.1":
  "integrity" "sha512-+5FPy5PnwmO3lvfMb0AsoPaBG+5KHUI0wYFXOtYPnVVVspTFUuMZNfNaNVRt3FZadstu2c8x23vykRW/NBoU6A=="
  "resolved" "https://registry.npmjs.org/is-core-module/-/is-core-module-2.9.0.tgz"
  "version" "2.9.0"
  dependencies:
    "has" "^1.0.3"

"is-reference@^1.2.1":
  "integrity" "sha512-U82MsXXiFIrjCK4otLT+o2NA2Cd2g5MLoOVXUZjIOhLurrRxpEXzI8O0KZHr3IjLvlAH1kTPYSuqer5T9ZVBKQ=="
  "resolved" "https://registry.npmjs.org/is-reference/-/is-reference-1.2.1.tgz"
  "version" "1.2.1"
  dependencies:
    "@types/estree" "*"

"js-tokens@^3.0.0 || ^4.0.0", "js-tokens@^4.0.0":
  "integrity" "sha512-RdJUflcE3cUzKiMqQgsCu06FPu9UdIJO0beYbPhHN4k6apgJtifcoCtT9bcxOpYBtpD2kCM6Sbzg4CausW/PKQ=="
  "resolved" "https://registry.npmjs.org/js-tokens/-/js-tokens-4.0.0.tgz"
  "version" "4.0.0"

"jsesc@^2.5.1":
  "integrity" "sha512-OYu7XEzjkCQ3C5Ps3QIZsQfNpqoJyZZA99wd9aWd05NCtC5pWOkShK2mkL6HXQR6/Cy2lbNdPlZBpuQHXE63gA=="
  "resolved" "https://registry.npmjs.org/jsesc/-/jsesc-2.5.2.tgz"
  "version" "2.5.2"

"json5@^2.2.1":
  "integrity" "sha512-1hqLFMSrGHRHxav9q9gNjJ5EXznIxGVO09xQRrwplcS8qs28pZ8s8hupZAmqDwZUmVZ2Qb2jnyPOWcDH8m8dlA=="
  "resolved" "https://registry.npmjs.org/json5/-/json5-2.2.1.tgz"
  "version" "2.2.1"

"jsonfile@^6.0.1":
  "integrity" "sha512-5dgndWOriYSm5cnYaJNhalLNDKOqFwyDB/rr1E9ZsGciGvKPs8R2xYGCacuf3z6K1YKDz182fd+fY3cn3pMqXQ=="
  "resolved" "https://registry.npmjs.org/jsonfile/-/jsonfile-6.1.0.tgz"
  "version" "6.1.0"
  dependencies:
    "universalify" "^2.0.0"
  optionalDependencies:
    "graceful-fs" "^4.1.6"

"kdbush@^3.0.0":
  "integrity" "sha512-hRkd6/XW4HTsA9vjVpY9tuXJYLSlelnkTmVFu4M9/7MIYQtFcHpbugAU7UbOfjOiVSVYl2fqgBuJ32JUmRo5Ew=="
  "resolved" "https://registry.npmjs.org/kdbush/-/kdbush-3.0.0.tgz"
  "version" "3.0.0"

"leaflet-lasso@^2.2.8":
  "integrity" "sha512-GEwmsYanCUWYUgOQlElRB1MBrLSfPsFlLBu2YL9DbMh9kkWDi1njU6HGfYQ82BMC1WBU589CXT9zReLXBDKNsA=="
  "resolved" "https://registry.npmjs.org/leaflet-lasso/-/leaflet-lasso-2.2.8.tgz"
  "version" "2.2.8"
  dependencies:
    "@terraformer/spatial" "^2.1.0"

"leaflet.markercluster@^1.5.3":
  "integrity" "sha512-vPTw/Bndq7eQHjLBVlWpnGeLa3t+3zGiuM7fJwCkiMFq+nmRuG3RI3f7f4N4TDX7T4NpbAXpR2+NTRSEGfCSeA=="
  "resolved" "https://registry.npmjs.org/leaflet.markercluster/-/leaflet.markercluster-1.5.3.tgz"
  "version" "1.5.3"

"leaflet@^1.0.0", "leaflet@^1.3.1", "leaflet@^1.8.0":
  "integrity" "sha512-gwhMjFCQiYs3x/Sf+d49f10ERXaEFCPr+nVTryhAW8DWbMGqJqt9G4XuIaHmFW08zYvhgdzqXGr8AlW8v8dQkA=="
  "resolved" "https://registry.npmjs.org/leaflet/-/leaflet-1.8.0.tgz"
  "version" "1.8.0"

"loose-envify@^1.1.0":
  "integrity" "sha512-lyuxPGr/Wfhrlem2CL/UcnUc1zcqKAImBDzukY7Y5F/yQiNdko6+fRLevlw1HgMySw7f611UIY408EtxRSoK3Q=="
  "resolved" "https://registry.npmjs.org/loose-envify/-/loose-envify-1.4.0.tgz"
  "version" "1.4.0"
  dependencies:
    "js-tokens" "^3.0.0 || ^4.0.0"

"magic-string@^0.25.7":
  "integrity" "sha512-RmF0AsMzgt25qzqqLc1+MbHmhdx0ojF2Fvs4XnOqz2ZOBXzzkEwc/dJQZCYHAn7v1jbVOjAZfK8msRn4BxO4VQ=="
  "resolved" "https://registry.npmjs.org/magic-string/-/magic-string-0.25.9.tgz"
  "version" "0.25.9"
  dependencies:
    "sourcemap-codec" "^1.4.8"

"mapbox-gl@^2.9.0":
  "integrity" "sha512-Uu3tDEE9zg8My+CNjcvP0DIOr36nr2Z9ecPZ2snpKDTgvMlD1yyzJg9nOmjhVnj/7UyHF8apvqF4WCOdfFyFLg=="
  "resolved" "https://registry.npmjs.org/mapbox-gl/-/mapbox-gl-2.9.0.tgz"
  "version" "2.9.0"
  dependencies:
    "@mapbox/geojson-rewind" "^0.5.1"
    "@mapbox/geojson-types" "^1.0.2"
    "@mapbox/jsonlint-lines-primitives" "^2.0.2"
    "@mapbox/mapbox-gl-supported" "^2.0.1"
    "@mapbox/point-geometry" "^0.1.0"
    "@mapbox/tiny-sdf" "^2.0.5"
    "@mapbox/unitbezier" "^0.0.0"
    "@mapbox/vector-tile" "^1.3.1"
    "@mapbox/whoots-js" "^3.1.0"
    "csscolorparser" "~1.0.3"
    "earcut" "^2.2.3"
    "geojson-vt" "^3.2.1"
    "gl-matrix" "^3.4.3"
    "grid-index" "^1.1.0"
    "murmurhash-js" "^1.0.0"
    "pbf" "^3.2.1"
    "potpack" "^1.0.2"
    "quickselect" "^2.0.0"
    "rw" "^1.3.3"
    "supercluster" "^7.1.4"
    "tinyqueue" "^2.0.3"
    "vt-pbf" "^3.1.3"

"minimist@^1.2.6":
  "integrity" "sha512-Jsjnk4bw3YJqYzbdyBiNsPWHPfO++UGG749Cxs6peCu5Xg4nrena6OVxOYxrQTqww0Jmwt+Ref8rggumkTLz9Q=="
  "resolved" "https://registry.npmjs.org/minimist/-/minimist-1.2.6.tgz"
  "version" "1.2.6"

"ms@2.1.2":
  "integrity" "sha512-sGkPx+VjMtmA6MX27oA4FBFELFCZZ4S4XqeGOXCv68tT+jb3vk/RyaKWP0PTKyWtmLSM0b+adUTEvbs1PEaH2w=="
  "resolved" "https://registry.npmjs.org/ms/-/ms-2.1.2.tgz"
  "version" "2.1.2"

"murmurhash-js@^1.0.0":
  "integrity" "sha512-TvmkNhkv8yct0SVBSy+o8wYzXjE4Zz3PCesbfs8HiCXXdcTuocApFv11UWlNFWKYsP2okqrhb7JNlSm9InBhIw=="
  "resolved" "https://registry.npmjs.org/murmurhash-js/-/murmurhash-js-1.0.0.tgz"
  "version" "1.0.0"

"nanoid@^3.3.4":
  "integrity" "sha512-MqBkQh/OHTS2egovRtLk45wEyNXwF+cokD+1YPf9u5VfJiRdAiRwB2froX5Co9Rh20xs4siNPm8naNotSD6RBw=="
  "resolved" "https://registry.npmjs.org/nanoid/-/nanoid-3.3.4.tgz"
  "version" "3.3.4"

"node-releases@^2.0.5":
  "integrity" "sha512-U9h1NLROZTq9uE1SNffn6WuPDg8icmi3ns4rEl/oTfIle4iLjTliCzgTsbaIFMq/Xn078/lfY/BL0GWZ+psK4Q=="
  "resolved" "https://registry.npmjs.org/node-releases/-/node-releases-2.0.5.tgz"
  "version" "2.0.5"

"path-parse@^1.0.7":
  "integrity" "sha512-LDJzPVEEEPR+y48z93A0Ed0yXb8pAByGWo/k5YYdYgpY2/2EsOsksJrq7lOHxryrVOn1ejG6oAp8ahvOIQD8sw=="
  "resolved" "https://registry.npmjs.org/path-parse/-/path-parse-1.0.7.tgz"
  "version" "1.0.7"

"pbf@^3.2.1":
  "integrity" "sha512-ClrV7pNOn7rtmoQVF4TS1vyU0WhYRnP92fzbfF75jAIwpnzdJXf8iTd4CMEqO4yUenH6NDqLiwjqlh6QgZzgLQ=="
  "resolved" "https://registry.npmjs.org/pbf/-/pbf-3.2.1.tgz"
  "version" "3.2.1"
  dependencies:
    "ieee754" "^1.1.12"
    "resolve-protobuf-schema" "^2.1.0"

"picocolors@^1.0.0":
  "integrity" "sha512-1fygroTLlHu66zi26VoTDv8yRgm0Fccecssto+MhsZ0D/DGW2sm8E8AjW7NU5VVTRt5GxbeZ5qBuJr+HyLYkjQ=="
  "resolved" "https://registry.npmjs.org/picocolors/-/picocolors-1.0.0.tgz"
  "version" "1.0.0"

"picomatch@^2.2.2":
  "integrity" "sha512-JU3teHTNjmE2VCGFzuY8EXzCDVwEqB2a8fsIvwaStHhAWJEeVd1o1QD80CU6+ZdEXXSLbSsuLwJjkCBWqRQUVA=="
  "resolved" "https://registry.npmjs.org/picomatch/-/picomatch-2.3.1.tgz"
  "version" "2.3.1"

"postcss@^8.4.13":
  "integrity" "sha512-E398TUmfAYFPBSdzgeieK2Y1+1cpdxJx8yXbK/m57nRhKSmk1GB2tO4lbLBtlkfPQTDKfe4Xqv1ASWPpayPEig=="
  "resolved" "https://registry.npmjs.org/postcss/-/postcss-8.4.14.tgz"
  "version" "8.4.14"
  dependencies:
    "nanoid" "^3.3.4"
    "picocolors" "^1.0.0"
    "source-map-js" "^1.0.2"

"potpack@^1.0.2":
  "integrity" "sha512-choctRBIV9EMT9WGAZHn3V7t0Z2pMQyl0EZE6pFc/6ml3ssw7Dlf/oAOvFwjm1HVsqfQN8GfeFyJ+d8tRzqueQ=="
  "resolved" "https://registry.npmjs.org/potpack/-/potpack-1.0.2.tgz"
  "version" "1.0.2"

"protocol-buffers-schema@^3.3.1":
  "integrity" "sha512-TdDRD+/QNdrCGCE7v8340QyuXd4kIWIgapsE2+n/SaGiSSbomYl4TjHlvIoCWRpE7wFt02EpB35VVA2ImcBVqw=="
  "resolved" "https://registry.npmjs.org/protocol-buffers-schema/-/protocol-buffers-schema-3.6.0.tgz"
  "version" "3.6.0"

"quickselect@^2.0.0":
  "integrity" "sha512-RKJ22hX8mHe3Y6wH/N3wCM6BWtjaxIyyUIkpHOvfFnxdI4yD4tBXEBKSbriGujF6jnSVkJrffuo6vxACiSSxIw=="
  "resolved" "https://registry.npmjs.org/quickselect/-/quickselect-2.0.0.tgz"
  "version" "2.0.0"

"react-dom@^18.0.0":
  "integrity" "sha512-6IMTriUmvsjHUjNtEDudZfuDQUoWXVxKHhlEGSk81n4YFS+r/Kl99wXiwlVXtPBtJenozv2P+hxDsw9eA7Xo6g=="
  "resolved" "https://registry.npmjs.org/react-dom/-/react-dom-18.2.0.tgz"
  "version" "18.2.0"
  dependencies:
    "loose-envify" "^1.1.0"
    "scheduler" "^0.23.0"

"react-refresh@^0.13.0":
  "integrity" "sha512-XP8A9BT0CpRBD+NYLLeIhld/RqG9+gktUjW1FkE+Vm7OCinbG1SshcK5tb9ls4kzvjZr9mOQc7HYgBngEyPAXg=="
  "resolved" "https://registry.npmjs.org/react-refresh/-/react-refresh-0.13.0.tgz"
  "version" "0.13.0"

"react@^18.1.0", "react@^18.2.0":
  "integrity" "sha512-/3IjMdb2L9QbBdWiW5e3P2/npwMBaU9mHCSCUzNln0ZCYbcfTsGbTJrU/kGemdH2IWmB2ioZ+zkxtmq6g09fGQ=="
  "resolved" "https://registry.npmjs.org/react/-/react-18.2.0.tgz"
  "version" "18.2.0"
  dependencies:
    "loose-envify" "^1.1.0"

"resolve-protobuf-schema@^2.1.0":
  "integrity" "sha512-kI5ffTiZWmJaS/huM8wZfEMer1eRd7oJQhDuxeCLe3t7N7mX3z94CN0xPxBQxFYQTSNz9T0i+v6inKqSdK8xrQ=="
  "resolved" "https://registry.npmjs.org/resolve-protobuf-schema/-/resolve-protobuf-schema-2.1.0.tgz"
  "version" "2.1.0"
  dependencies:
    "protocol-buffers-schema" "^3.3.1"

"resolve@^1.22.0":
  "integrity" "sha512-Hhtrw0nLeSrFQ7phPp4OOcVjLPIeMnRlr5mcnVuMe7M/7eBn98A3hmFRLoFo3DLZkivSYwhRUJTyPyWAk56WLw=="
  "resolved" "https://registry.npmjs.org/resolve/-/resolve-1.22.0.tgz"
  "version" "1.22.0"
  dependencies:
    "is-core-module" "^2.8.1"
    "path-parse" "^1.0.7"
    "supports-preserve-symlinks-flag" "^1.0.0"

"rollup-plugin-external-globals@^0.6.1":
  "integrity" "sha512-mlp3KNa5sE4Sp9UUR2rjBrxjG79OyZAh/QC18RHIjM+iYkbBwNXSo8DHRMZWtzJTrH8GxQ+SJvCTN3i14uMXIA=="
  "resolved" "https://registry.npmjs.org/rollup-plugin-external-globals/-/rollup-plugin-external-globals-0.6.1.tgz"
  "version" "0.6.1"
  dependencies:
    "@rollup/pluginutils" "^4.0.0"
    "estree-walker" "^2.0.1"
    "is-reference" "^1.2.1"
    "magic-string" "^0.25.7"

"rollup-plugin-polyfill-node@^0.10.0":
  "integrity" "sha512-YuBM5/UWRrGq0f48wJcmNOfqHgSB+lhEmiI/eTfWxco4/i1sc7h3NkZ0rPPHdl16yoLhswEuHsHrfxQrDMV67g=="
  "resolved" "https://registry.npmjs.org/rollup-plugin-polyfill-node/-/rollup-plugin-polyfill-node-0.10.0.tgz"
  "version" "0.10.0"
  dependencies:
    "@rollup/plugin-inject" "^4.0.0"

"rollup@^1.20.0 || ^2.0.0", "rollup@^1.20.0||^2.0.0", "rollup@^2.25.0", "rollup@^2.59.0":
  "integrity" "sha512-OEf0TgpC9vU6WGROJIk1JA3LR5vk/yvqlzxqdrE2CzzXnqKXNzbAwlWUXis8RS3ZPe7LAq+YUxsRa0l3r27MLA=="
  "resolved" "https://registry.npmjs.org/rollup/-/rollup-2.75.6.tgz"
  "version" "2.75.6"
  optionalDependencies:
    "fsevents" "~2.3.2"

"rw@^1.3.3":
  "integrity" "sha512-PdhdWy89SiZogBLaw42zdeqtRJ//zFd2PgQavcICDUgJT5oW10QCRKbJ6bg4r0/UY2M6BWd5tkxuGFRvCkgfHQ=="
  "resolved" "https://registry.npmjs.org/rw/-/rw-1.3.3.tgz"
  "version" "1.3.3"

"safe-buffer@~5.1.1":
  "integrity" "sha512-Gd2UZBJDkXlY7GbJxfsE8/nvKkUEU1G38c1siN6QP6a9PT9MmHB8GnpscSmMJSoF8LOIrt8ud/wPtojys4G6+g=="
  "resolved" "https://registry.npmjs.org/safe-buffer/-/safe-buffer-5.1.2.tgz"
  "version" "5.1.2"

"scheduler@^0.23.0":
  "integrity" "sha512-CtuThmgHNg7zIZWAXi3AsyIzA3n4xx7aNyjwC2VJldO2LMVDhFK+63xGqq6CsJH4rTAt6/M+N4GhZiDYPx9eUw=="
  "resolved" "https://registry.npmjs.org/scheduler/-/scheduler-0.23.0.tgz"
  "version" "0.23.0"
  dependencies:
    "loose-envify" "^1.1.0"

"semver@^6.3.0":
  "integrity" "sha512-b39TBaTSfV6yBrapU89p5fKekE2m/NwnDocOVruQFS1/veMgdzuPcnOM34M6CwxW8jH/lxEa5rBoDeUwu5HHTw=="
  "resolved" "https://registry.npmjs.org/semver/-/semver-6.3.0.tgz"
  "version" "6.3.0"

"source-map-js@^1.0.2":
  "integrity" "sha512-R0XvVJ9WusLiqTCEiGCmICCMplcCkIwwR11mOSD9CR5u+IXYdiseeEuXCVAjS54zqwkLcPNnmU4OeJ6tUrWhDw=="
  "resolved" "https://registry.npmjs.org/source-map-js/-/source-map-js-1.0.2.tgz"
  "version" "1.0.2"

"sourcemap-codec@^1.4.8":
  "integrity" "sha512-9NykojV5Uih4lgo5So5dtw+f0JgJX30KCNI8gwhz2J9A15wD0Ml6tjHKwf6fTSa6fAdVBdZeNOs9eJ71qCk8vA=="
  "resolved" "https://registry.npmjs.org/sourcemap-codec/-/sourcemap-codec-1.4.8.tgz"
  "version" "1.4.8"

"supercluster@^7.1.4":
  "integrity" "sha512-EulshI3pGUM66o6ZdH3ReiFcvHpM3vAigyK+vcxdjpJyEbIIrtbmBdY23mGgnI24uXiGFvrGq9Gkum/8U7vJWg=="
  "resolved" "https://registry.npmjs.org/supercluster/-/supercluster-7.1.5.tgz"
  "version" "7.1.5"
  dependencies:
    "kdbush" "^3.0.0"

"supports-color@^5.3.0":
  "integrity" "sha512-QjVjwdXIt408MIiAqCX4oUKsgU2EqAGzs2Ppkm4aQYbjm+ZEWEcW4SfFNTr4uMNZma0ey4f5lgLrkB0aX0QMow=="
  "resolved" "https://registry.npmjs.org/supports-color/-/supports-color-5.5.0.tgz"
  "version" "5.5.0"
  dependencies:
    "has-flag" "^3.0.0"

"supports-preserve-symlinks-flag@^1.0.0":
  "integrity" "sha512-ot0WnXS9fgdkgIcePe6RHNk1WA8+muPa6cSjeR3V8K27q9BB1rTE3R1p7Hv0z1ZyAc8s6Vvv8DIyWf681MAt0w=="
  "resolved" "https://registry.npmjs.org/supports-preserve-symlinks-flag/-/supports-preserve-symlinks-flag-1.0.0.tgz"
  "version" "1.0.0"

"tinyqueue@^2.0.3":
  "integrity" "sha512-ppJZNDuKGgxzkHihX8v9v9G5f+18gzaTfrukGrq6ueg0lmH4nqVnA2IPG0AEH3jKEk2GRJCUhDoqpoiw3PHLBA=="
  "resolved" "https://registry.npmjs.org/tinyqueue/-/tinyqueue-2.0.3.tgz"
  "version" "2.0.3"

"to-fast-properties@^2.0.0":
  "integrity" "sha512-/OaKK0xYrs3DmxRYqL/yDc+FxFUVYhDlXMhRmv3z915w2HF1tnN1omB354j8VUGO/hbRzyD6Y3sA7v7GS/ceog=="
  "resolved" "https://registry.npmjs.org/to-fast-properties/-/to-fast-properties-2.0.0.tgz"
  "version" "2.0.0"

"typescript@^4.6.3":
  "integrity" "sha512-C0WQT0gezHuw6AdY1M2jxUO83Rjf0HP7Sk1DtXj6j1EwkQNZrHAg2XPWlq62oqEhYvONq5pkC2Y9oPljWToLmQ=="
  "resolved" "https://registry.npmjs.org/typescript/-/typescript-4.7.4.tgz"
  "version" "4.7.4"

"universalify@^2.0.0":
  "integrity" "sha512-hAZsKq7Yy11Zu1DE0OzWjw7nnLZmJZYTDZZyEFHZdUhV8FkH5MCfoU1XMaxXovpyW5nq5scPqq0ZDP9Zyl04oQ=="
  "resolved" "https://registry.npmjs.org/universalify/-/universalify-2.0.0.tgz"
  "version" "2.0.0"

"vite-plugin-externals@^0.5.0":
  "integrity" "sha512-y7SPpHGLSk5ELCbK0SBRJrEr2OuPFxCOKIVkrFECukp9w8hZwh3teCHo2U2UmJ8UHKUP7BoOhTw2DFRbq3GJfQ=="
  "resolved" "https://registry.npmjs.org/vite-plugin-externals/-/vite-plugin-externals-0.5.0.tgz"
  "version" "0.5.0"
  dependencies:
    "acorn" "^8.4.0"
    "es-module-lexer" "^0.4.1"
    "fs-extra" "^10.0.0"
    "magic-string" "^0.25.7"

"vite@^2.0.0", "vite@^2.9.9":
  "integrity" "sha512-AsOBAaT0AD7Mhe8DuK+/kE4aWYFMx/i0ZNi98hJclxb4e0OhQcZYUrvLjIaQ8e59Ui7txcvKMiJC1yftqpQoDw=="
  "resolved" "https://registry.npmjs.org/vite/-/vite-2.9.13.tgz"
  "version" "2.9.13"
  dependencies:
    "esbuild" "^0.14.27"
    "postcss" "^8.4.13"
    "resolve" "^1.22.0"
    "rollup" "^2.59.0"
  optionalDependencies:
    "fsevents" "~2.3.2"

"vt-pbf@^3.1.3":
  "integrity" "sha512-2LzDFzt0mZKZ9IpVF2r69G9bXaP2Q2sArJCmcCgvfTdCCZzSyz4aCLoQyUilu37Ll56tCblIZrXFIjNUpGIlmA=="
  "resolved" "https://registry.npmjs.org/vt-pbf/-/vt-pbf-3.1.3.tgz"
  "version" "3.1.3"
  dependencies:
    "@mapbox/point-geometry" "0.1.0"
    "@mapbox/vector-tile" "^1.3.1"
    "pbf" "^3.2.1"

"web-vitals@^2.1.4":
  "integrity" "sha512-sVWcwhU5mX6crfI5Vd2dC4qchyTqxV8URinzt25XqVh+bHEPGH4C3NPrNionCP7Obx59wrYEbNlw4Z8sjALzZg=="
  "resolved" "https://registry.npmjs.org/web-vitals/-/web-vitals-2.1.4.tgz"
  "version" "2.1.4"
